
Microsoft Visual Studio Solution File, Format Version 12.00
# Visual Studio Version 16
VisualStudioVersion = 16.0.30523.141
MinimumVisualStudioVersion = 10.0.40219.1
Project("{FAE04EC0-301F-11D3-BF4B-00C04F79EFBC}") = "dbperfornance.net", "dbperfornance.net\dbperfornance.net.csproj", "{957C0DBD-DCF0-40CA-BCE2-13B0E124AAB9}"
EndProject
Global
	GlobalSection(SolutionConfigurationPlatforms) = preSolution
		Debug|Any CPU = Debug|Any CPU
		Release|Any CPU = Release|Any CPU
	EndGlobalSection
	GlobalSection(ProjectConfigurationPlatforms) = postSolution
		{957C0DBD-DCF0-40CA-BCE2-13B0E124AAB9}.Debug|Any CPU.ActiveCfg = Debug|Any CPU
		{957C0DBD-DCF0-40CA-BCE2-13B0E124AAB9}.Debug|Any CPU.Build.0 = Debug|Any CPU
		{957C0DBD-DCF0-40CA-BCE2-13B0E124AAB9}.Release|Any CPU.ActiveCfg = Release|Any CPU
		{957C0DBD-DCF0-40CA-BCE2-13B0E124AAB9}.Release|Any CPU.Build.0 = Release|Any CPU
	EndGlobalSection
	GlobalSection(SolutionProperties) = preSolution
		HideSolutionNode = FALSE
	EndGlobalSection
	GlobalSection(ExtensibilityGlobals) = postSolution
		SolutionGuid = {C5FB06E2-2DEE-4364-AFC1-A7331FA11432}
	EndGlobalSection
EndGlobal
